
Microsoft Visual Studio Solution File, Format Version 12.00
# Visual Studio Version 17
VisualStudioVersion = 17.4.33122.133
MinimumVisualStudioVersion = 10.0.40219.1
Project("{FAE04EC0-301F-11D3-BF4B-00C04F79EFBC}") = "Osoboe_Priglashenie", "Osoboe_Priglashenie\Osoboe_Priglashenie.csproj", "{A1C62640-96E4-4692-9A32-FF1D3C400CEA}"
EndProject
Global
	GlobalSection(SolutionConfigurationPlatforms) = preSolution
		Debug|Any CPU = Debug|Any CPU
		Release|Any CPU = Release|Any CPU
	EndGlobalSection
	GlobalSection(ProjectConfigurationPlatforms) = postSolution
		{A1C62640-96E4-4692-9A32-FF1D3C400CEA}.Debug|Any CPU.ActiveCfg = Debug|Any CPU
		{A1C62640-96E4-4692-9A32-FF1D3C400CEA}.Debug|Any CPU.Build.0 = Debug|Any CPU
		{A1C62640-96E4-4692-9A32-FF1D3C400CEA}.Release|Any CPU.ActiveCfg = Release|Any CPU
		{A1C62640-96E4-4692-9A32-FF1D3C400CEA}.Release|Any CPU.Build.0 = Release|Any CPU
	EndGlobalSection
	GlobalSection(SolutionProperties) = preSolution
		HideSolutionNode = FALSE
	EndGlobalSection
	GlobalSection(ExtensibilityGlobals) = postSolution
		SolutionGuid = {542D3FC4-E870-42EA-A627-B24D51DFB281}
	EndGlobalSection
EndGlobal
